
Microsoft Visual Studio Solution File, Format Version 12.00
# Visual Studio 2013
VisualStudioVersion = 12.0.40629.0
MinimumVisualStudioVersion = 10.0.40219.1
Project("{8BC9CEB8-8B4A-11D0-8D11-00A0C91BC942}") = "MFCView", "MFCView\MFCView.vcxproj", "{7C334A5C-0C27-4D3B-87D0-18604BC55087}"
EndProject
Project("{8BC9CEB8-8B4A-11D0-8D11-00A0C91BC942}") = "MFCSession", "MFCSession\MFCSession.vcxproj", "{DD77EB68-1BF9-4E05-AA04-673DCF74D4B2}"
EndProject
Project("{8BC9CEB8-8B4A-11D0-8D11-00A0C91BC942}") = "RegTest", "RegTest\RegTest.vcxproj", "{6CA14D83-112A-4866-B8EC-0B8DB4B1EAF4}"
EndProject
Project("{FAE04EC0-301F-11D3-BF4B-00C04F79EFBC}") = "Session", "Session\Session.csproj", "{CD41D092-957B-4298-89C8-461761D6471C}"
EndProject
Project("{FAE04EC0-301F-11D3-BF4B-00C04F79EFBC}") = "View", "View\View.csproj", "{A14B01B2-F9C6-46B3-A15A-A38D0B173BA7}"
EndProject
Project("{FAE04EC0-301F-11D3-BF4B-00C04F79EFBC}") = "_TestRDP", "_TestRDP\_TestRDP.csproj", "{5C3CD142-2899-4DE3-9628-135208CEE146}"
EndProject
Project("{8BC9CEB8-8B4A-11D0-8D11-00A0C91BC942}") = "AOIRDPSession", "AOIRDPSession\AOIRDPSession.vcxproj", "{A2A9CF2B-D962-4C3D-98DB-2407EE24D46A}"
EndProject
Global
	GlobalSection(SolutionConfigurationPlatforms) = preSolution
		Debug|Any CPU = Debug|Any CPU
		Debug|Mixed Platforms = Debug|Mixed Platforms
		Debug|Win32 = Debug|Win32
		Release|Any CPU = Release|Any CPU
		Release|Mixed Platforms = Release|Mixed Platforms
		Release|Win32 = Release|Win32
	EndGlobalSection
	GlobalSection(ProjectConfigurationPlatforms) = postSolution
		{7C334A5C-0C27-4D3B-87D0-18604BC55087}.Debug|Any CPU.ActiveCfg = Debug|Win32
		{7C334A5C-0C27-4D3B-87D0-18604BC55087}.Debug|Mixed Platforms.ActiveCfg = Debug|Win32
		{7C334A5C-0C27-4D3B-87D0-18604BC55087}.Debug|Mixed Platforms.Build.0 = Debug|Win32
		{7C334A5C-0C27-4D3B-87D0-18604BC55087}.Debug|Win32.ActiveCfg = Debug|Win32
		{7C334A5C-0C27-4D3B-87D0-18604BC55087}.Debug|Win32.Build.0 = Debug|Win32
		{7C334A5C-0C27-4D3B-87D0-18604BC55087}.Release|Any CPU.ActiveCfg = Release|Win32
		{7C334A5C-0C27-4D3B-87D0-18604BC55087}.Release|Mixed Platforms.ActiveCfg = Release|Win32
		{7C334A5C-0C27-4D3B-87D0-18604BC55087}.Release|Mixed Platforms.Build.0 = Release|Win32
		{7C334A5C-0C27-4D3B-87D0-18604BC55087}.Release|Win32.ActiveCfg = Release|Win32
		{7C334A5C-0C27-4D3B-87D0-18604BC55087}.Release|Win32.Build.0 = Release|Win32
		{DD77EB68-1BF9-4E05-AA04-673DCF74D4B2}.Debug|Any CPU.ActiveCfg = Debug|Win32
		{DD77EB68-1BF9-4E05-AA04-673DCF74D4B2}.Debug|Mixed Platforms.ActiveCfg = Debug|Win32
		{DD77EB68-1BF9-4E05-AA04-673DCF74D4B2}.Debug|Mixed Platforms.Build.0 = Debug|Win32
		{DD77EB68-1BF9-4E05-AA04-673DCF74D4B2}.Debug|Win32.ActiveCfg = Debug|Win32
		{DD77EB68-1BF9-4E05-AA04-673DCF74D4B2}.Debug|Win32.Build.0 = Debug|Win32
		{DD77EB68-1BF9-4E05-AA04-673DCF74D4B2}.Release|Any CPU.ActiveCfg = Release|Win32
		{DD77EB68-1BF9-4E05-AA04-673DCF74D4B2}.Release|Mixed Platforms.ActiveCfg = Release|Win32
		{DD77EB68-1BF9-4E05-AA04-673DCF74D4B2}.Release|Mixed Platforms.Build.0 = Release|Win32
		{DD77EB68-1BF9-4E05-AA04-673DCF74D4B2}.Release|Win32.ActiveCfg = Release|Win32
		{DD77EB68-1BF9-4E05-AA04-673DCF74D4B2}.Release|Win32.Build.0 = Release|Win32
		{6CA14D83-112A-4866-B8EC-0B8DB4B1EAF4}.Debug|Any CPU.ActiveCfg = Debug|Win32
		{6CA14D83-112A-4866-B8EC-0B8DB4B1EAF4}.Debug|Mixed Platforms.ActiveCfg = Debug|x64
		{6CA14D83-112A-4866-B8EC-0B8DB4B1EAF4}.Debug|Mixed Platforms.Build.0 = Debug|x64
		{6CA14D83-112A-4866-B8EC-0B8DB4B1EAF4}.Debug|Win32.ActiveCfg = Debug|Win32
		{6CA14D83-112A-4866-B8EC-0B8DB4B1EAF4}.Debug|Win32.Build.0 = Debug|Win32
		{6CA14D83-112A-4866-B8EC-0B8DB4B1EAF4}.Release|Any CPU.ActiveCfg = Release|Win32
		{6CA14D83-112A-4866-B8EC-0B8DB4B1EAF4}.Release|Mixed Platforms.ActiveCfg = Release|Win32
		{6CA14D83-112A-4866-B8EC-0B8DB4B1EAF4}.Release|Mixed Platforms.Build.0 = Release|Win32
		{6CA14D83-112A-4866-B8EC-0B8DB4B1EAF4}.Release|Win32.ActiveCfg = Release|Win32
		{6CA14D83-112A-4866-B8EC-0B8DB4B1EAF4}.Release|Win32.Build.0 = Release|Win32
		{CD41D092-957B-4298-89C8-461761D6471C}.Debug|Any CPU.ActiveCfg = Debug|Any CPU
		{CD41D092-957B-4298-89C8-461761D6471C}.Debug|Any CPU.Build.0 = Debug|Any CPU
		{CD41D092-957B-4298-89C8-461761D6471C}.Debug|Mixed Platforms.ActiveCfg = Debug|Any CPU
		{CD41D092-957B-4298-89C8-461761D6471C}.Debug|Mixed Platforms.Build.0 = Debug|Any CPU
		{CD41D092-957B-4298-89C8-461761D6471C}.Debug|Win32.ActiveCfg = Debug|Any CPU
		{CD41D092-957B-4298-89C8-461761D6471C}.Release|Any CPU.ActiveCfg = Release|Any CPU
		{CD41D092-957B-4298-89C8-461761D6471C}.Release|Any CPU.Build.0 = Release|Any CPU
		{CD41D092-957B-4298-89C8-461761D6471C}.Release|Mixed Platforms.ActiveCfg = Release|Any CPU
		{CD41D092-957B-4298-89C8-461761D6471C}.Release|Mixed Platforms.Build.0 = Release|Any CPU
		{CD41D092-957B-4298-89C8-461761D6471C}.Release|Win32.ActiveCfg = Release|Any CPU
		{A14B01B2-F9C6-46B3-A15A-A38D0B173BA7}.Debug|Any CPU.ActiveCfg = Debug|Any CPU
		{A14B01B2-F9C6-46B3-A15A-A38D0B173BA7}.Debug|Any CPU.Build.0 = Debug|Any CPU
		{A14B01B2-F9C6-46B3-A15A-A38D0B173BA7}.Debug|Mixed Platforms.ActiveCfg = Debug|Any CPU
		{A14B01B2-F9C6-46B3-A15A-A38D0B173BA7}.Debug|Mixed Platforms.Build.0 = Debug|Any CPU
		{A14B01B2-F9C6-46B3-A15A-A38D0B173BA7}.Debug|Win32.ActiveCfg = Debug|Any CPU
		{A14B01B2-F9C6-46B3-A15A-A38D0B173BA7}.Release|Any CPU.ActiveCfg = Release|Any CPU
		{A14B01B2-F9C6-46B3-A15A-A38D0B173BA7}.Release|Any CPU.Build.0 = Release|Any CPU
		{A14B01B2-F9C6-46B3-A15A-A38D0B173BA7}.Release|Mixed Platforms.ActiveCfg = Release|Any CPU
		{A14B01B2-F9C6-46B3-A15A-A38D0B173BA7}.Release|Mixed Platforms.Build.0 = Release|Any CPU
		{A14B01B2-F9C6-46B3-A15A-A38D0B173BA7}.Release|Win32.ActiveCfg = Release|Any CPU
		{5C3CD142-2899-4DE3-9628-135208CEE146}.Debug|Any CPU.ActiveCfg = Debug|Any CPU
		{5C3CD142-2899-4DE3-9628-135208CEE146}.Debug|Any CPU.Build.0 = Debug|Any CPU
		{5C3CD142-2899-4DE3-9628-135208CEE146}.Debug|Mixed Platforms.ActiveCfg = Debug|Any CPU
		{5C3CD142-2899-4DE3-9628-135208CEE146}.Debug|Mixed Platforms.Build.0 = Debug|Any CPU
		{5C3CD142-2899-4DE3-9628-135208CEE146}.Debug|Win32.ActiveCfg = Debug|Any CPU
		{5C3CD142-2899-4DE3-9628-135208CEE146}.Release|Any CPU.ActiveCfg = Release|Any CPU
		{5C3CD142-2899-4DE3-9628-135208CEE146}.Release|Any CPU.Build.0 = Release|Any CPU
		{5C3CD142-2899-4DE3-9628-135208CEE146}.Release|Mixed Platforms.ActiveCfg = Release|Any CPU
		{5C3CD142-2899-4DE3-9628-135208CEE146}.Release|Mixed Platforms.Build.0 = Release|Any CPU
		{5C3CD142-2899-4DE3-9628-135208CEE146}.Release|Win32.ActiveCfg = Release|Any CPU
		{A2A9CF2B-D962-4C3D-98DB-2407EE24D46A}.Debug|Any CPU.ActiveCfg = Debug|Win32
		{A2A9CF2B-D962-4C3D-98DB-2407EE24D46A}.Debug|Mixed Platforms.ActiveCfg = Debug|Win32
		{A2A9CF2B-D962-4C3D-98DB-2407EE24D46A}.Debug|Mixed Platforms.Build.0 = Debug|Win32
		{A2A9CF2B-D962-4C3D-98DB-2407EE24D46A}.Debug|Win32.ActiveCfg = Debug|Win32
		{A2A9CF2B-D962-4C3D-98DB-2407EE24D46A}.Debug|Win32.Build.0 = Debug|Win32
		{A2A9CF2B-D962-4C3D-98DB-2407EE24D46A}.Release|Any CPU.ActiveCfg = Release|Win32
		{A2A9CF2B-D962-4C3D-98DB-2407EE24D46A}.Release|Mixed Platforms.ActiveCfg = Release|Win32
		{A2A9CF2B-D962-4C3D-98DB-2407EE24D46A}.Release|Mixed Platforms.Build.0 = Release|Win32
		{A2A9CF2B-D962-4C3D-98DB-2407EE24D46A}.Release|Win32.ActiveCfg = Release|Win32
		{A2A9CF2B-D962-4C3D-98DB-2407EE24D46A}.Release|Win32.Build.0 = Release|Win32
	EndGlobalSection
	GlobalSection(SolutionProperties) = preSolution
		HideSolutionNode = FALSE
	EndGlobalSection
EndGlobal
